github.com/fatih/color v1.17.0 h1:GlRw1BRJxkpqUCBKzKOw098ed57fEsKeNjpTe3cSjK4=
github.com/fatih/color v1.17.0/go.mod h1:YZ7TlrGPkiz6ku9fK3TLD/pl3CpsiFyu8N92HLgmosI=
github.com/joho/godotenv v1.5.1 h1:7eLL/+HRGLY0ldzfGMeQkb7vMd0as4CfYvUVzLqw0N0=
github.com/joho/godotenv v1.5.1/go.mod h1:f4LDr5Voq0i2e/R5DDNOoa2zzDfwtkZa6DnEwAbqwq4=
github.com/mattn/go-colorable v0.1.13 h1:fFA4WZxdEF4tXPZVKMLwD8oUnCTTo08duU7wxecdEvA=
github.com/mattn/go-colorable v0.1.13/go.mod h1:7S9/ev0klgBDR4GtXTXX8a3vIGJpMovkB8vQcUbaXHg=
github.com/mattn/go-isatty v0.0.16/go.mod h1:kYGgaQfpe5nmfYZH+SKPsOc2e4SrIfOl2e/yFXSvRLM=
github.com/mattn/go-isatty v0.0.20 h1:xfD0iDuEKnDkl03q4limB+vH+GxLEtL/jb4xVJSWWEY=
github.com/mattn/go-isatty v0.0.20/go.mod h1:W+V8PltTTMOvKvAeJH7IuucS94S2C6jfK/D7dTCTo3Y=
github.com/pieceowater-dev/lotof.lib.gossiper v1.0.0 h1:GOWFVjnEX80Uvsf9E9ZEWTUTXbn4DvHJ0XzvGLLS11w=
github.com/pieceowater-dev/lotof.lib.gossiper v1.0.0/go.mod h1:NPdTw3mT4tSTiPrN3gWuhtFO4An9pGHy7uQtcqJcGHg=
github.com/pieceowater-dev/lotof.lib.gossiper v1.0.2 h1:+HOYbtRDZdNYZs0iLvtfuKreRcvDv20lARGUQLDVYW0=
github.com/pieceowater-dev/lotof.lib.gossiper v1.0.2/go.mod h1:NPdTw3mT4tSTiPrN3gWuhtFO4An9pGHy7uQtcqJcGHg=
github.com/pieceowater-dev/lotof.lib.gossiper v1.0.3 h1:9O2adYN0qPHHJI1u3pjjxykWCOtobR/I+2QUB6AcIjU=
github.com/pieceowater-dev/lotof.lib.gossiper v1.0.3/go.mod h1:o0fXo4q7LhEfb759JcxJtVx4uZXiFdl0xzbHceHqySM=
github.com/pieceowater-dev/lotof.lib.gossiper v1.0.4 h1:ttZb4ylzfV6hS4Zh485Cn1gVYP71DWi1NuvB8jvKNZQ=
github.com/pieceowater-dev/lotof.lib.gossiper v1.0.4/go.mod h1:2KRZO6gxqEiS2cnhTcGwsMfCX/lIRkH5lL8cxz8fNmk=
github.com/pieceowater-dev/lotof.lib.gossiper v1.0.5 h1:Ni9ZitmeDPXiBMyBHNH3PY+L7pKYuznwAnLmPdy5/HQ=
github.com/pieceowater-dev/lotof.lib.gossiper v1.0.5/go.mod h1:2KRZO6gxqEiS2cnhTcGwsMfCX/lIRkH5lL8cxz8fNmk=
github.com/pieceowater-dev/lotof.lib.gossiper v1.0.6 h1:pWM6w6bBbte6af9w1/i5kMYCnFkOTE2DcVcNcGM0A1Q=
github.com/pieceowater-dev/lotof.lib.gossiper v1.0.6/go.mod h1:2KRZO6gxqEiS2cnhTcGwsMfCX/lIRkH5lL8cxz8fNmk=
github.com/pieceowater-dev/lotof.lib.gossiper v1.0.7 h1:X7q44KqXSWaebefzhWRUJWGxiBhX+TCe2/+FLNVPsDs=
github.com/pieceowater-dev/lotof.lib.gossiper v1.0.7/go.mod h1:2KRZO6gxqEiS2cnhTcGwsMfCX/lIRkH5lL8cxz8fNmk=
github.com/pieceowater-dev/lotof.lib.gossiper v1.0.8 h1:wqJzvpCkLg6wwr3JxWwwtc18mPkuJcnj7unIme1zP/M=
github.com/pieceowater-dev/lotof.lib.gossiper v1.0.8/go.mod h1:2KRZO6gxqEiS2cnhTcGwsMfCX/lIRkH5lL8cxz8fNmk=
github.com/pieceowater-dev/lotof.lib.gossiper v1.0.9 h1:p+O/DX0GWY0CFpUoklYb1Ugmp4hs8Mdj0lyGVSUuaVM=
github.com/pieceowater-dev/lotof.lib.gossiper v1.0.9/go.mod h1:2KRZO6gxqEiS2cnhTcGwsMfCX/lIRkH5lL8cxz8fNmk=
github.com/pieceowater-dev/lotof.lib.gossiper v1.0.10 h1:KhBlg/0FOCJiT2mN/Y7vLo+T1TQzer/90mG3aktq28k=
github.com/pieceowater-dev/lotof.lib.gossiper v1.0.10/go.mod h1:2KRZO6gxqEiS2cnhTcGwsMfCX/lIRkH5lL8cxz8fNmk=
github.com/pieceowater-dev/lotof.lib.gossiper v1.0.11 h1:bV85oqbU7Rpc1VbtYLPlgx5xt+BPgISFZyXPEP3/L7k=
github.com/pieceowater-dev/lotof.lib.gossiper v1.0.11/go.mod h1:2KRZO6gxqEiS2cnhTcGwsMfCX/lIRkH5lL8cxz8fNmk=
github.com/pieceowater-dev/lotof.lib.gossiper v1.0.12 h1:AnM2ne2e+Sl9E18hIP1AU0jq8wPl7khayb0/xAKPcX4=
github.com/pieceowater-dev/lotof.lib.gossiper v1.0.12/go.mod h1:2KRZO6gxqEiS2cnhTcGwsMfCX/lIRkH5lL8cxz8fNmk=
github.com/streadway/amqp v1.1.0 h1:py12iX8XSyI7aN/3dUT8DFIDJazNJsVJdxNVEpnQTZM=
github.com/streadway/amqp v1.1.0/go.mod h1:WYSrTEYHOXHd0nwFeUXAe2G2hRnQT+deZJJf88uS9Bg=
golang.org/x/sys v0.0.0-20220811171246-fbc7d0a398ab/go.mod h1:oPkhp1MJrh7nUepCBck5+mAzfO9JrbApNNgaTdGDITg=
golang.org/x/sys v0.6.0/go.mod h1:oPkhp1MJrh7nUepCBck5+mAzfO9JrbApNNgaTdGDITg=
golang.org/x/sys v0.18.0 h1:DBdB3niSjOA/O0blCZBqDefyWNYveAYMNF1Wum0DYQ4=
golang.org/x/sys v0.18.0/go.mod h1:/VUhepiaJMQUp4+oa/7Zr1D23ma6VTLIYjOOTFZPUcA=
golang.org/x/sys v0.25.0 h1:r+8e+loiHxRqhXVl6ML1nO3l1+oFoWbnlu2Ehimmi34=
golang.org/x/sys v0.25.0/go.mod h1:/VUhepiaJMQUp4+oa/7Zr1D23ma6VTLIYjOOTFZPUcA=
